
Microsoft Visual Studio Solution File, Format Version 12.00
# Visual Studio Version 17
VisualStudioVersion = 17.11.35208.52
MinimumVisualStudioVersion = 10.0.40219.1
Project("{9A19103F-16F7-4668-BE54-9A1E7A4F7556}") = "Git2SemVer.MSBuild", "Git2SemVer.MSBuild\Git2SemVer.MSBuild.csproj", "{A9652D0E-09FA-46C5-A1CC-5206E0C83918}"
EndProject
Project("{9A19103F-16F7-4668-BE54-9A1E7A4F7556}") = "Documentation", "Documentation\Documentation.csproj", "{9F16F5D9-67D3-4AB1-B31F-6611EAF0D800}"
EndProject
Project("{9A19103F-16F7-4668-BE54-9A1E7A4F7556}") = "EditingTestAssembly", "EditingTestAssembly\EditingTestAssembly.csproj", "{AC111B59-B47C-4F59-9D38-F97D0FF02BA5}"
EndProject
Project("{9A19103F-16F7-4668-BE54-9A1E7A4F7556}") = "Git2SemVer.IntegrationTests", "Git2SemVer.IntegrationTests\Git2SemVer.IntegrationTests.csproj", "{772E9B23-85D4-4FBC-A832-A89EC2FB4EAE}"
EndProject
Project("{2150E333-8FDC-42A3-9474-1A3956D46DE8}") = "GitHub", "GitHub", "{25FC97D8-62B8-4C47-9AA3-C6A893117175}"
	ProjectSection(SolutionItems) = preProject
		.github\ISSUE_TEMPLATE\bug_report.md = .github\ISSUE_TEMPLATE\bug_report.md
		.github\workflows\deploy-pages.yml = .github\workflows\deploy-pages.yml
		.github\workflows\dotnet.yml = .github\workflows\dotnet.yml
		.github\ISSUE_TEMPLATE\feature_request.md = .github\ISSUE_TEMPLATE\feature_request.md
	EndProjectSection
EndProject
Project("{9A19103F-16F7-4668-BE54-9A1E7A4F7556}") = "SolutionVersioningProject", "SolutionVersioningProject\SolutionVersioningProject.csproj", "{BB578AE5-A50C-46F3-8F03-D7DD92E696FF}"
EndProject
Project("{2150E333-8FDC-42A3-9474-1A3956D46DE8}") = "Solution Items", "Solution Items", "{4F5F4537-80BA-4561-A29C-DF6AD9921C08}"
	ProjectSection(SolutionItems) = preProject
		.gitignore = .gitignore
		ChangeLog.md = ChangeLog.md
		Directory.Build.props = Directory.Build.props
		Directory.Versioning.Build.props = Directory.Versioning.Build.props
		LICENSE = LICENSE
		README.md = README.md
	EndProjectSection
EndProject
Project("{2150E333-8FDC-42A3-9474-1A3956D46DE8}") = "Framework", "Framework", "{02EA681E-C7D8-13C7-8484-4AC65E1B71E8}"
EndProject
Project("{FAE04EC0-301F-11D3-BF4B-00C04F79EFBC}") = "Git2SemVer.Framework", "Framework\Git2SemVer.Framework\Git2SemVer.Framework.csproj", "{06AEC9CE-4478-5CE2-76B9-E38230D784B1}"
EndProject
Project("{2150E333-8FDC-42A3-9474-1A3956D46DE8}") = "Core", "Core", "{B1B18100-282E-400A-A4AF-D40E8BEC077D}"
EndProject
Project("{2150E333-8FDC-42A3-9474-1A3956D46DE8}") = "Testing.Core", "Testing.Core", "{A8CC204A-558F-40EC-895A-3F497900EF98}"
EndProject
Project("{FAE04EC0-301F-11D3-BF4B-00C04F79EFBC}") = "Git2SemVer.Testing.Core", "Testing.Core\TestingCore\Git2SemVer.Testing.Core.csproj", "{3305E283-1C37-641B-C454-D0BCC6B241AD}"
EndProject
Project("{FAE04EC0-301F-11D3-BF4B-00C04F79EFBC}") = "Git2SemVer.Core", "Core\Core\Git2SemVer.Core.csproj", "{85836C56-F8DD-7AAF-E3D5-D9A9E5589987}"
	ProjectSection(ProjectDependencies) = postProject
		{BB578AE5-A50C-46F3-8F03-D7DD92E696FF} = {BB578AE5-A50C-46F3-8F03-D7DD92E696FF}
	EndProjectSection
EndProject
Global
	GlobalSection(SolutionConfigurationPlatforms) = preSolution
		Debug|Any CPU = Debug|Any CPU
		DebugPack|Any CPU = DebugPack|Any CPU
		Release|Any CPU = Release|Any CPU
	EndGlobalSection
	GlobalSection(ProjectConfigurationPlatforms) = postSolution
		{A9652D0E-09FA-46C5-A1CC-5206E0C83918}.Debug|Any CPU.ActiveCfg = Debug|Any CPU
		{A9652D0E-09FA-46C5-A1CC-5206E0C83918}.Debug|Any CPU.Build.0 = Debug|Any CPU
		{A9652D0E-09FA-46C5-A1CC-5206E0C83918}.DebugPack|Any CPU.ActiveCfg = Debug|Any CPU
		{A9652D0E-09FA-46C5-A1CC-5206E0C83918}.DebugPack|Any CPU.Build.0 = Debug|Any CPU
		{A9652D0E-09FA-46C5-A1CC-5206E0C83918}.Release|Any CPU.ActiveCfg = Release|Any CPU
		{A9652D0E-09FA-46C5-A1CC-5206E0C83918}.Release|Any CPU.Build.0 = Release|Any CPU
		{9F16F5D9-67D3-4AB1-B31F-6611EAF0D800}.Debug|Any CPU.ActiveCfg = Debug|Any CPU
		{9F16F5D9-67D3-4AB1-B31F-6611EAF0D800}.DebugPack|Any CPU.ActiveCfg = Debug|Any CPU
		{9F16F5D9-67D3-4AB1-B31F-6611EAF0D800}.DebugPack|Any CPU.Build.0 = Debug|Any CPU
		{9F16F5D9-67D3-4AB1-B31F-6611EAF0D800}.Release|Any CPU.ActiveCfg = Release|Any CPU
		{AC111B59-B47C-4F59-9D38-F97D0FF02BA5}.Debug|Any CPU.ActiveCfg = Debug|Any CPU
		{AC111B59-B47C-4F59-9D38-F97D0FF02BA5}.DebugPack|Any CPU.ActiveCfg = DebugPack|Any CPU
		{AC111B59-B47C-4F59-9D38-F97D0FF02BA5}.DebugPack|Any CPU.Build.0 = DebugPack|Any CPU
		{AC111B59-B47C-4F59-9D38-F97D0FF02BA5}.Release|Any CPU.ActiveCfg = Release|Any CPU
		{772E9B23-85D4-4FBC-A832-A89EC2FB4EAE}.Debug|Any CPU.ActiveCfg = Debug|Any CPU
		{772E9B23-85D4-4FBC-A832-A89EC2FB4EAE}.Debug|Any CPU.Build.0 = Debug|Any CPU
		{772E9B23-85D4-4FBC-A832-A89EC2FB4EAE}.DebugPack|Any CPU.ActiveCfg = Debug|Any CPU
		{772E9B23-85D4-4FBC-A832-A89EC2FB4EAE}.DebugPack|Any CPU.Build.0 = Debug|Any CPU
		{772E9B23-85D4-4FBC-A832-A89EC2FB4EAE}.Release|Any CPU.ActiveCfg = Release|Any CPU
		{772E9B23-85D4-4FBC-A832-A89EC2FB4EAE}.Release|Any CPU.Build.0 = Release|Any CPU
		{BB578AE5-A50C-46F3-8F03-D7DD92E696FF}.Debug|Any CPU.ActiveCfg = Debug|Any CPU
		{BB578AE5-A50C-46F3-8F03-D7DD92E696FF}.Debug|Any CPU.Build.0 = Debug|Any CPU
		{BB578AE5-A50C-46F3-8F03-D7DD92E696FF}.DebugPack|Any CPU.ActiveCfg = Debug|Any CPU
		{BB578AE5-A50C-46F3-8F03-D7DD92E696FF}.DebugPack|Any CPU.Build.0 = Debug|Any CPU
		{BB578AE5-A50C-46F3-8F03-D7DD92E696FF}.Release|Any CPU.ActiveCfg = Release|Any CPU
		{BB578AE5-A50C-46F3-8F03-D7DD92E696FF}.Release|Any CPU.Build.0 = Release|Any CPU
		{06AEC9CE-4478-5CE2-76B9-E38230D784B1}.Debug|Any CPU.ActiveCfg = Debug|Any CPU
		{06AEC9CE-4478-5CE2-76B9-E38230D784B1}.Debug|Any CPU.Build.0 = Debug|Any CPU
		{06AEC9CE-4478-5CE2-76B9-E38230D784B1}.DebugPack|Any CPU.ActiveCfg = Debug|Any CPU
		{06AEC9CE-4478-5CE2-76B9-E38230D784B1}.DebugPack|Any CPU.Build.0 = Debug|Any CPU
		{06AEC9CE-4478-5CE2-76B9-E38230D784B1}.Release|Any CPU.ActiveCfg = Release|Any CPU
		{06AEC9CE-4478-5CE2-76B9-E38230D784B1}.Release|Any CPU.Build.0 = Release|Any CPU
		{3305E283-1C37-641B-C454-D0BCC6B241AD}.Debug|Any CPU.ActiveCfg = Debug|Any CPU
		{3305E283-1C37-641B-C454-D0BCC6B241AD}.Debug|Any CPU.Build.0 = Debug|Any CPU
		{3305E283-1C37-641B-C454-D0BCC6B241AD}.DebugPack|Any CPU.ActiveCfg = Debug|Any CPU
		{3305E283-1C37-641B-C454-D0BCC6B241AD}.DebugPack|Any CPU.Build.0 = Debug|Any CPU
		{3305E283-1C37-641B-C454-D0BCC6B241AD}.Release|Any CPU.ActiveCfg = Release|Any CPU
		{3305E283-1C37-641B-C454-D0BCC6B241AD}.Release|Any CPU.Build.0 = Release|Any CPU
		{85836C56-F8DD-7AAF-E3D5-D9A9E5589987}.Debug|Any CPU.ActiveCfg = Debug|Any CPU
		{85836C56-F8DD-7AAF-E3D5-D9A9E5589987}.Debug|Any CPU.Build.0 = Debug|Any CPU
		{85836C56-F8DD-7AAF-E3D5-D9A9E5589987}.DebugPack|Any CPU.ActiveCfg = Debug|Any CPU
		{85836C56-F8DD-7AAF-E3D5-D9A9E5589987}.DebugPack|Any CPU.Build.0 = Debug|Any CPU
		{85836C56-F8DD-7AAF-E3D5-D9A9E5589987}.Release|Any CPU.ActiveCfg = Release|Any CPU
		{85836C56-F8DD-7AAF-E3D5-D9A9E5589987}.Release|Any CPU.Build.0 = Release|Any CPU
	EndGlobalSection
	GlobalSection(SolutionProperties) = preSolution
		HideSolutionNode = FALSE
	EndGlobalSection
	GlobalSection(NestedProjects) = preSolution
		{06AEC9CE-4478-5CE2-76B9-E38230D784B1} = {02EA681E-C7D8-13C7-8484-4AC65E1B71E8}
		{3305E283-1C37-641B-C454-D0BCC6B241AD} = {A8CC204A-558F-40EC-895A-3F497900EF98}
		{85836C56-F8DD-7AAF-E3D5-D9A9E5589987} = {B1B18100-282E-400A-A4AF-D40E8BEC077D}
	EndGlobalSection
	GlobalSection(ExtensibilityGlobals) = postSolution
		SolutionGuid = {7C89AA72-27F1-4410-8A4F-6F87F721B719}
	EndGlobalSection
EndGlobal
