
Microsoft Visual Studio Solution File, Format Version 12.00
# Visual Studio Version 17
VisualStudioVersion = 17.11.35208.52
MinimumVisualStudioVersion = 10.0.40219.1
Project("{9A19103F-16F7-4668-BE54-9A1E7A4F7556}") = "Git2SemVer.MSBuild", "Git2SemVer.MSBuild\Git2SemVer.MSBuild.csproj", "{A9652D0E-09FA-46C5-A1CC-5206E0C83918}"
EndProject
Project("{9A19103F-16F7-4668-BE54-9A1E7A4F7556}") = "Documentation", "Documentation\Documentation.csproj", "{9F16F5D9-67D3-4AB1-B31F-6611EAF0D800}"
EndProject
Project("{9A19103F-16F7-4668-BE54-9A1E7A4F7556}") = "EditingTestAssembly", "EditingTestAssembly\EditingTestAssembly.csproj", "{AC111B59-B47C-4F59-9D38-F97D0FF02BA5}"
EndProject
Project("{9A19103F-16F7-4668-BE54-9A1E7A4F7556}") = "Git2SemVer.IntegrationTests", "Git2SemVer.IntegrationTests\Git2SemVer.IntegrationTests.csproj", "{772E9B23-85D4-4FBC-A832-A89EC2FB4EAE}"
EndProject
Project("{2150E333-8FDC-42A3-9474-1A3956D46DE8}") = "GitHub", "GitHub", "{25FC97D8-62B8-4C47-9AA3-C6A893117175}"
	ProjectSection(SolutionItems) = preProject
		.github\ISSUE_TEMPLATE\bug_report.md = .github\ISSUE_TEMPLATE\bug_report.md
		.github\workflows\deploy-pages.yml = .github\workflows\deploy-pages.yml
		.github\workflows\dotnet.yml = .github\workflows\dotnet.yml
		.github\ISSUE_TEMPLATE\feature_request.md = .github\ISSUE_TEMPLATE\feature_request.md
	EndProjectSection
EndProject
Project("{9A19103F-16F7-4668-BE54-9A1E7A4F7556}") = "SolutionVersioningProject", "SolutionVersioningProject\SolutionVersioningProject.csproj", "{BB578AE5-A50C-46F3-8F03-D7DD92E696FF}"
EndProject
Project("{2150E333-8FDC-42A3-9474-1A3956D46DE8}") = "Solution Items", "Solution Items", "{4F5F4537-80BA-4561-A29C-DF6AD9921C08}"
	ProjectSection(SolutionItems) = preProject
		.gitignore = .gitignore
		ChangeLog.md = ChangeLog.md
		Directory.Build.props = Directory.Build.props
		Directory.Versioning.Build.props = Directory.Versioning.Build.props
		LICENSE = LICENSE
		README.md = README.md
	EndProjectSection
EndProject
Project("{FAE04EC0-301F-11D3-BF4B-00C04F79EFBC}") = "Git2SemVer.Versioning", "Git2SemVer.Versioning\Git2SemVer.Versioning.csproj", "{ED8DFA19-492F-44E5-8DE2-B80D821285C6}"
EndProject
Global
	GlobalSection(SolutionConfigurationPlatforms) = preSolution
		Debug|Any CPU = Debug|Any CPU
		DebugPack|Any CPU = DebugPack|Any CPU
		Release|Any CPU = Release|Any CPU
	EndGlobalSection
	GlobalSection(ProjectConfigurationPlatforms) = postSolution
		{A9652D0E-09FA-46C5-A1CC-5206E0C83918}.Debug|Any CPU.ActiveCfg = Debug|Any CPU
		{A9652D0E-09FA-46C5-A1CC-5206E0C83918}.Debug|Any CPU.Build.0 = Debug|Any CPU
		{A9652D0E-09FA-46C5-A1CC-5206E0C83918}.DebugPack|Any CPU.ActiveCfg = Debug|Any CPU
		{A9652D0E-09FA-46C5-A1CC-5206E0C83918}.DebugPack|Any CPU.Build.0 = Debug|Any CPU
		{A9652D0E-09FA-46C5-A1CC-5206E0C83918}.Release|Any CPU.ActiveCfg = Release|Any CPU
		{A9652D0E-09FA-46C5-A1CC-5206E0C83918}.Release|Any CPU.Build.0 = Release|Any CPU
		{9F16F5D9-67D3-4AB1-B31F-6611EAF0D800}.Debug|Any CPU.ActiveCfg = Debug|Any CPU
		{9F16F5D9-67D3-4AB1-B31F-6611EAF0D800}.DebugPack|Any CPU.ActiveCfg = Debug|Any CPU
		{9F16F5D9-67D3-4AB1-B31F-6611EAF0D800}.DebugPack|Any CPU.Build.0 = Debug|Any CPU
		{9F16F5D9-67D3-4AB1-B31F-6611EAF0D800}.Release|Any CPU.ActiveCfg = Release|Any CPU
		{AC111B59-B47C-4F59-9D38-F97D0FF02BA5}.Debug|Any CPU.ActiveCfg = Debug|Any CPU
		{AC111B59-B47C-4F59-9D38-F97D0FF02BA5}.DebugPack|Any CPU.ActiveCfg = DebugPack|Any CPU
		{AC111B59-B47C-4F59-9D38-F97D0FF02BA5}.DebugPack|Any CPU.Build.0 = DebugPack|Any CPU
		{AC111B59-B47C-4F59-9D38-F97D0FF02BA5}.Release|Any CPU.ActiveCfg = Release|Any CPU
		{772E9B23-85D4-4FBC-A832-A89EC2FB4EAE}.Debug|Any CPU.ActiveCfg = Debug|Any CPU
		{772E9B23-85D4-4FBC-A832-A89EC2FB4EAE}.Debug|Any CPU.Build.0 = Debug|Any CPU
		{772E9B23-85D4-4FBC-A832-A89EC2FB4EAE}.DebugPack|Any CPU.ActiveCfg = Debug|Any CPU
		{772E9B23-85D4-4FBC-A832-A89EC2FB4EAE}.DebugPack|Any CPU.Build.0 = Debug|Any CPU
		{772E9B23-85D4-4FBC-A832-A89EC2FB4EAE}.Release|Any CPU.ActiveCfg = Release|Any CPU
		{772E9B23-85D4-4FBC-A832-A89EC2FB4EAE}.Release|Any CPU.Build.0 = Release|Any CPU
		{BB578AE5-A50C-46F3-8F03-D7DD92E696FF}.Debug|Any CPU.ActiveCfg = Debug|Any CPU
		{BB578AE5-A50C-46F3-8F03-D7DD92E696FF}.Debug|Any CPU.Build.0 = Debug|Any CPU
		{BB578AE5-A50C-46F3-8F03-D7DD92E696FF}.DebugPack|Any CPU.ActiveCfg = Debug|Any CPU
		{BB578AE5-A50C-46F3-8F03-D7DD92E696FF}.DebugPack|Any CPU.Build.0 = Debug|Any CPU
		{BB578AE5-A50C-46F3-8F03-D7DD92E696FF}.Release|Any CPU.ActiveCfg = Release|Any CPU
		{BB578AE5-A50C-46F3-8F03-D7DD92E696FF}.Release|Any CPU.Build.0 = Release|Any CPU
		{ED8DFA19-492F-44E5-8DE2-B80D821285C6}.Debug|Any CPU.ActiveCfg = Debug|Any CPU
		{ED8DFA19-492F-44E5-8DE2-B80D821285C6}.Debug|Any CPU.Build.0 = Debug|Any CPU
		{ED8DFA19-492F-44E5-8DE2-B80D821285C6}.DebugPack|Any CPU.ActiveCfg = Debug|Any CPU
		{ED8DFA19-492F-44E5-8DE2-B80D821285C6}.DebugPack|Any CPU.Build.0 = Debug|Any CPU
		{ED8DFA19-492F-44E5-8DE2-B80D821285C6}.Release|Any CPU.ActiveCfg = Release|Any CPU
		{ED8DFA19-492F-44E5-8DE2-B80D821285C6}.Release|Any CPU.Build.0 = Release|Any CPU
	EndGlobalSection
	GlobalSection(SolutionProperties) = preSolution
		HideSolutionNode = FALSE
	EndGlobalSection
	GlobalSection(ExtensibilityGlobals) = postSolution
		SolutionGuid = {7C89AA72-27F1-4410-8A4F-6F87F721B719}
	EndGlobalSection
EndGlobal
