
Microsoft Visual Studio Solution File, Format Version 12.00
# Visual Studio Version 17
VisualStudioVersion = 17.12.35506.116
MinimumVisualStudioVersion = 10.0.40219.1
Project("{FAE04EC0-301F-11D3-BF4B-00C04F79EFBC}") = "Git2SemVer.Tool", "Git2SemVer.Tool\Git2SemVer.Tool.csproj", "{5C1794D4-E5A9-4B60-98A0-874F7A42A21D}"
EndProject
Project("{FAE04EC0-301F-11D3-BF4B-00C04F79EFBC}") = "Git2SemVer.Tool.Tests", "Git2SemVer.Tool.Tests\Git2SemVer.Tool.Tests.csproj", "{D569E085-5CF6-4DFF-A5F3-1B96D2FF0481}"
EndProject
Project("{FAE04EC0-301F-11D3-BF4B-00C04F79EFBC}") = "SolutionVersioningProject", "SolutionVersioningProject\SolutionVersioningProject.csproj", "{E5819E29-DBC5-4A81-868D-5ED5283F66B6}"
EndProject
Project("{FAE04EC0-301F-11D3-BF4B-00C04F79EFBC}") = "Documentation", "Documentation\Documentation.csproj", "{CCCB979E-7BDF-4923-A701-DCAB1D4A1E80}"
EndProject
Project("{2150E333-8FDC-42A3-9474-1A3956D46DE8}") = "0 - Solution Items", "0 - Solution Items", "{199CBC4C-9B5A-4486-ABE4-47912931AD71}"
	ProjectSection(SolutionItems) = preProject
		.gitignore = .gitignore
		ChangeLog.md = ChangeLog.md
		Directory.Build.props = Directory.Build.props
		Directory.Build.targets = Directory.Build.targets
		Directory.Versioning.Build.props = Directory.Versioning.Build.props
	EndProjectSection
EndProject
Project("{FAE04EC0-301F-11D3-BF4B-00C04F79EFBC}") = "Git2SemVer.Tool.Integration.Tests", "Git2SemVer.Tool.Integration.Tests\Git2SemVer.Tool.Integration.Tests.csproj", "{7DC8B429-DB4F-4F7C-B948-02ECC4D2F668}"
EndProject
Project("{2150E333-8FDC-42A3-9474-1A3956D46DE8}") = "1 - GitHub", "1 - GitHub", "{D3B2EBA9-99C4-439C-8F7F-5BF7D27653FB}"
EndProject
Project("{2150E333-8FDC-42A3-9474-1A3956D46DE8}") = "Workflows", "Workflows", "{A586E2B2-B8ED-45B8-9ADF-6730009A4834}"
	ProjectSection(SolutionItems) = preProject
		.github\workflows\dotnet.yml = .github\workflows\dotnet.yml
	EndProjectSection
EndProject
Project("{2150E333-8FDC-42A3-9474-1A3956D46DE8}") = "src", "src", "{02EA681E-C7D8-13C7-8484-4AC65E1B71E8}"
EndProject
Project("{2150E333-8FDC-42A3-9474-1A3956D46DE8}") = "docs", "docs", "{20C381DA-CFDE-4FB4-9256-36C68FEA9EA3}"
EndProject
Project("{2150E333-8FDC-42A3-9474-1A3956D46DE8}") = "tests", "tests", "{0BC2E219-B049-4990-91CA-5AF3FBD13EBB}"
EndProject
Project("{FAE04EC0-301F-11D3-BF4B-00C04F79EFBC}") = "Git2SemVer.Core", "..\Core\Git2SemVer.Core.csproj", "{C0666ECF-6B5D-B04B-D47A-B20A04980B16}"
EndProject
Project("{FAE04EC0-301F-11D3-BF4B-00C04F79EFBC}") = "Git2SemVer.Framework", "..\Framework\Git2SemVer.Framework.csproj", "{C05A7908-8A49-D405-55C2-8A18F33938E5}"
EndProject
Project("{FAE04EC0-301F-11D3-BF4B-00C04F79EFBC}") = "Git2SemVer.Testing.Core", "..\..\tests\Testing.Core\Git2SemVer.Testing.Core.csproj", "{EC44F3F0-4D47-C902-B24A-CE2739FE6648}"
EndProject
Global
	GlobalSection(SolutionConfigurationPlatforms) = preSolution
		Debug|Any CPU = Debug|Any CPU
		Release|Any CPU = Release|Any CPU
	EndGlobalSection
	GlobalSection(ProjectConfigurationPlatforms) = postSolution
		{5C1794D4-E5A9-4B60-98A0-874F7A42A21D}.Debug|Any CPU.ActiveCfg = Debug|Any CPU
		{5C1794D4-E5A9-4B60-98A0-874F7A42A21D}.Debug|Any CPU.Build.0 = Debug|Any CPU
		{5C1794D4-E5A9-4B60-98A0-874F7A42A21D}.Release|Any CPU.ActiveCfg = Release|Any CPU
		{5C1794D4-E5A9-4B60-98A0-874F7A42A21D}.Release|Any CPU.Build.0 = Release|Any CPU
		{D569E085-5CF6-4DFF-A5F3-1B96D2FF0481}.Debug|Any CPU.ActiveCfg = Debug|Any CPU
		{D569E085-5CF6-4DFF-A5F3-1B96D2FF0481}.Debug|Any CPU.Build.0 = Debug|Any CPU
		{D569E085-5CF6-4DFF-A5F3-1B96D2FF0481}.Release|Any CPU.ActiveCfg = Release|Any CPU
		{D569E085-5CF6-4DFF-A5F3-1B96D2FF0481}.Release|Any CPU.Build.0 = Release|Any CPU
		{E5819E29-DBC5-4A81-868D-5ED5283F66B6}.Debug|Any CPU.ActiveCfg = Debug|Any CPU
		{E5819E29-DBC5-4A81-868D-5ED5283F66B6}.Debug|Any CPU.Build.0 = Debug|Any CPU
		{E5819E29-DBC5-4A81-868D-5ED5283F66B6}.Release|Any CPU.ActiveCfg = Release|Any CPU
		{E5819E29-DBC5-4A81-868D-5ED5283F66B6}.Release|Any CPU.Build.0 = Release|Any CPU
		{CCCB979E-7BDF-4923-A701-DCAB1D4A1E80}.Debug|Any CPU.ActiveCfg = Debug|Any CPU
		{CCCB979E-7BDF-4923-A701-DCAB1D4A1E80}.Release|Any CPU.ActiveCfg = Release|Any CPU
		{7DC8B429-DB4F-4F7C-B948-02ECC4D2F668}.Debug|Any CPU.ActiveCfg = Debug|Any CPU
		{7DC8B429-DB4F-4F7C-B948-02ECC4D2F668}.Debug|Any CPU.Build.0 = Debug|Any CPU
		{7DC8B429-DB4F-4F7C-B948-02ECC4D2F668}.Release|Any CPU.ActiveCfg = Release|Any CPU
		{7DC8B429-DB4F-4F7C-B948-02ECC4D2F668}.Release|Any CPU.Build.0 = Release|Any CPU
		{C0666ECF-6B5D-B04B-D47A-B20A04980B16}.Debug|Any CPU.ActiveCfg = Debug|Any CPU
		{C0666ECF-6B5D-B04B-D47A-B20A04980B16}.Debug|Any CPU.Build.0 = Debug|Any CPU
		{C0666ECF-6B5D-B04B-D47A-B20A04980B16}.Release|Any CPU.ActiveCfg = Release|Any CPU
		{C0666ECF-6B5D-B04B-D47A-B20A04980B16}.Release|Any CPU.Build.0 = Release|Any CPU
		{C05A7908-8A49-D405-55C2-8A18F33938E5}.Debug|Any CPU.ActiveCfg = Debug|Any CPU
		{C05A7908-8A49-D405-55C2-8A18F33938E5}.Debug|Any CPU.Build.0 = Debug|Any CPU
		{C05A7908-8A49-D405-55C2-8A18F33938E5}.Release|Any CPU.ActiveCfg = Release|Any CPU
		{C05A7908-8A49-D405-55C2-8A18F33938E5}.Release|Any CPU.Build.0 = Release|Any CPU
		{EC44F3F0-4D47-C902-B24A-CE2739FE6648}.Debug|Any CPU.ActiveCfg = Debug|Any CPU
		{EC44F3F0-4D47-C902-B24A-CE2739FE6648}.Debug|Any CPU.Build.0 = Debug|Any CPU
		{EC44F3F0-4D47-C902-B24A-CE2739FE6648}.Release|Any CPU.ActiveCfg = Release|Any CPU
		{EC44F3F0-4D47-C902-B24A-CE2739FE6648}.Release|Any CPU.Build.0 = Release|Any CPU
	EndGlobalSection
	GlobalSection(SolutionProperties) = preSolution
		HideSolutionNode = FALSE
	EndGlobalSection
	GlobalSection(NestedProjects) = preSolution
		{5C1794D4-E5A9-4B60-98A0-874F7A42A21D} = {02EA681E-C7D8-13C7-8484-4AC65E1B71E8}
		{D569E085-5CF6-4DFF-A5F3-1B96D2FF0481} = {0BC2E219-B049-4990-91CA-5AF3FBD13EBB}
		{E5819E29-DBC5-4A81-868D-5ED5283F66B6} = {02EA681E-C7D8-13C7-8484-4AC65E1B71E8}
		{CCCB979E-7BDF-4923-A701-DCAB1D4A1E80} = {20C381DA-CFDE-4FB4-9256-36C68FEA9EA3}
		{7DC8B429-DB4F-4F7C-B948-02ECC4D2F668} = {0BC2E219-B049-4990-91CA-5AF3FBD13EBB}
		{A586E2B2-B8ED-45B8-9ADF-6730009A4834} = {D3B2EBA9-99C4-439C-8F7F-5BF7D27653FB}
		{C0666ECF-6B5D-B04B-D47A-B20A04980B16} = {02EA681E-C7D8-13C7-8484-4AC65E1B71E8}
		{C05A7908-8A49-D405-55C2-8A18F33938E5} = {02EA681E-C7D8-13C7-8484-4AC65E1B71E8}
		{EC44F3F0-4D47-C902-B24A-CE2739FE6648} = {0BC2E219-B049-4990-91CA-5AF3FBD13EBB}
	EndGlobalSection
	GlobalSection(ExtensibilityGlobals) = postSolution
		SolutionGuid = {3732867C-DB1A-4373-B84B-A187869DC802}
	EndGlobalSection
EndGlobal
